{
  "name": "sd-jwt-js-generate",
  "lockfileVersion": 3,
  "requires": true,
  "packages": {
    "": {
      "name": "sd-jwt-js-generate",
      "dependencies": {
        "@sd-jwt/core": "0.20.1",
        "js-yaml": "5.4.1"
      }
    },
    "node_modules/@owf/identity-common": {
      "version": "0.3.2",
      "resolved": "https://registry.npmjs.org/@owf/identity-common/-/identity-common-0.3.2.tgz",
      "integrity": "sha512-XH5Bg6zuXc9SeimTe2ZD/+54GnhSyenFSy2Qe/z2HY1ul5j+6/lDNIhI83xct5aOkCD0uZ7zHbMhTI4Nq8YJOQ==",
      "license": "Apache-2.0"
    },
    "node_modules/@sd-jwt/core": {
      "version": "0.20.1",
      "resolved": "https://registry.npmjs.org/@sd-jwt/core/-/core-0.20.1.tgz",
      "integrity": "sha512-RUBZ3WxnjicKgQyUysaFNMuC88xXSQlNLK7V1vxSBKYHAoi/yCXtCGlxxj7JXISAJgFTkmPSV5ZEZp0Dt5bXyw==",
      "license": "Apache-2.0",
      "dependencies": {
        "@owf/identity-common": "^0.3.1"
      },
      "engines": {
        "node": ">=20"
      }
    },
    "node_modules/argparse": {
      "version": "2.0.1",
      "resolved": "https://registry.npmjs.org/argparse/-/argparse-2.0.1.tgz",
      "integrity": "sha512-8+9WqebbFzpX9OR+Wa6O29asIogeRMzcGtAINdpMHHyAg10f05aSFVBbcEqGf/PXw1EjAZ+q2/bEBg3DvurK3Q==",
      "license": "Python-2.0"
    },
    "node_modules/js-yaml": {
      "version": "5.4.1",
      "resolved": "https://registry.npmjs.org/js-yaml/-/js-yaml-5.4.1.tgz",
      "integrity": "sha512-28R/k+NAjeuf7+CKlTxWZVExJGwVVLwY06DgEnOMz2gEpfNkDcD7QvyiVPT0xy0XXhU8vHsd4Ot42OOPdJG7dQ==",
      "funding": [
        {
          "type": "github",
          "url": "https://github.com/sponsors/puzrin"
        },
        {
          "type": "github",
          "url": "https://github.com/sponsors/nodeca"
        }
      ],
      "license": "MIT",
      "dependencies": {
        "argparse": "^2.0.1"
      },
      "bin": {
        "js-yaml": "bin/js-yaml.mjs"
      }
    }
  }
}
